
Microsoft Visual Studio Solution File, Format Version 12.00
# Visual Studio Version 16
VisualStudioVersion = 16.0.29306.81
MinimumVisualStudioVersion = 10.0.40219.1
Project("{FAE04EC0-301F-11D3-BF4B-00C04F79EFBC}") = "TunNik_Qubit", "TunNik_Qubit.csproj", "{BAFDE9E3-0FC6-49FD-BE59-D3438F8A37D5}"
EndProject
Global
	GlobalSection(SolutionConfigurationPlatforms) = preSolution
		Debug|Any CPU = Debug|Any CPU
		Release|Any CPU = Release|Any CPU
	EndGlobalSection
	GlobalSection(ProjectConfigurationPlatforms) = postSolution
		{BAFDE9E3-0FC6-49FD-BE59-D3438F8A37D5}.Debug|Any CPU.ActiveCfg = Debug|Any CPU
		{BAFDE9E3-0FC6-49FD-BE59-D3438F8A37D5}.Debug|Any CPU.Build.0 = Debug|Any CPU
		{BAFDE9E3-0FC6-49FD-BE59-D3438F8A37D5}.Release|Any CPU.ActiveCfg = Release|Any CPU
		{BAFDE9E3-0FC6-49FD-BE59-D3438F8A37D5}.Release|Any CPU.Build.0 = Release|Any CPU
	EndGlobalSection
	GlobalSection(SolutionProperties) = preSolution
		HideSolutionNode = FALSE
	EndGlobalSection
	GlobalSection(ExtensibilityGlobals) = postSolution
		SolutionGuid = {712FFA3A-D1A9-4A5E-B5C5-6C256A15604F}
	EndGlobalSection
EndGlobal
